// !$*UTF8*$!
{
	archiveVersion = 1;
	classes = {
	};
	objectVersion = 46;
	objects = {

/* Begin PBXBuildFile section */
		97026CCB1D0E9C1100A39086 /* XMNPhotoBrowser.h in Headers */ = {isa = PBXBuildFile; fileRef = 97026CCA1D0E9C1100A39086 /* XMNPhotoBrowser.h */; settings = {ATTRIBUTES = (Public, ); }; };
		97026CCF1D0E9C1100A39086 /* XMNPhotoBrowser.framework in Frameworks */ = {isa = PBXBuildFile; fileRef = 97026CC81D0E9C1000A39086 /* XMNPhotoBrowser.framework */; };
		97026CD01D0E9C1100A39086 /* XMNPhotoBrowser.framework in Embed Frameworks */ = {isa = PBXBuildFile; fileRef = 97026CC81D0E9C1000A39086 /* XMNPhotoBrowser.framework */; settings = {ATTRIBUTES = (CodeSignOnCopy, RemoveHeadersOnCopy, ); }; };
		97026CDB1D0E9D2300A39086 /* XMNPhotoBrowserController.h in Headers */ = {isa = PBXBuildFile; fileRef = 97026CD91D0E9D2300A39086 /* XMNPhotoBrowserController.h */; settings = {ATTRIBUTES = (Public, ); }; };
		97026CDC1D0E9D2300A39086 /* XMNPhotoBrowserController.m in Sources */ = {isa = PBXBuildFile; fileRef = 97026CDA1D0E9D2300A39086 /* XMNPhotoBrowserController.m */; };
		97026CDF1D0E9EF900A39086 /* XMNPhotoBrowserCell.h in Headers */ = {isa = PBXBuildFile; fileRef = 97026CDD1D0E9EF900A39086 /* XMNPhotoBrowserCell.h */; settings = {ATTRIBUTES = (Public, ); }; };
		97026CE01D0E9EF900A39086 /* XMNPhotoBrowserCell.m in Sources */ = {isa = PBXBuildFile; fileRef = 97026CDE1D0E9EF900A39086 /* XMNPhotoBrowserCell.m */; };
		97026CE31D0E9F3800A39086 /* XMNPhotoModel.h in Headers */ = {isa = PBXBuildFile; fileRef = 97026CE11D0E9F3800A39086 /* XMNPhotoModel.h */; settings = {ATTRIBUTES = (Public, ); }; };
		97026CE41D0E9F3800A39086 /* XMNPhotoModel.m in Sources */ = {isa = PBXBuildFile; fileRef = 97026CE21D0E9F3800A39086 /* XMNPhotoModel.m */; };
		97026D101D0EA4E200A39086 /* YYCache.h in Headers */ = {isa = PBXBuildFile; fileRef = 97026CE71D0EA4E200A39086 /* YYCache.h */; settings = {ATTRIBUTES = (Public, ); }; };
		97026D111D0EA4E200A39086 /* YYCache.m in Sources */ = {isa = PBXBuildFile; fileRef = 97026CE81D0EA4E200A39086 /* YYCache.m */; };
		97026D121D0EA4E200A39086 /* YYDiskCache.h in Headers */ = {isa = PBXBuildFile; fileRef = 97026CE91D0EA4E200A39086 /* YYDiskCache.h */; settings = {ATTRIBUTES = (Public, ); }; };
		97026D131D0EA4E200A39086 /* YYDiskCache.m in Sources */ = {isa = PBXBuildFile; fileRef = 97026CEA1D0EA4E200A39086 /* YYDiskCache.m */; };
		97026D141D0EA4E200A39086 /* YYKVStorage.h in Headers */ = {isa = PBXBuildFile; fileRef = 97026CEB1D0EA4E200A39086 /* YYKVStorage.h */; settings = {ATTRIBUTES = (Public, ); }; };
		97026D151D0EA4E200A39086 /* YYKVStorage.m in Sources */ = {isa = PBXBuildFile; fileRef = 97026CEC1D0EA4E200A39086 /* YYKVStorage.m */; };
		97026D161D0EA4E200A39086 /* YYMemoryCache.h in Headers */ = {isa = PBXBuildFile; fileRef = 97026CED1D0EA4E200A39086 /* YYMemoryCache.h */; settings = {ATTRIBUTES = (Public, ); }; };
		97026D171D0EA4E200A39086 /* YYMemoryCache.m in Sources */ = {isa = PBXBuildFile; fileRef = 97026CEE1D0EA4E200A39086 /* YYMemoryCache.m */; };
		97026D181D0EA4E200A39086 /* _YYWebImageSetter.h in Headers */ = {isa = PBXBuildFile; fileRef = 97026CF01D0EA4E200A39086 /* _YYWebImageSetter.h */; };
		97026D191D0EA4E200A39086 /* _YYWebImageSetter.m in Sources */ = {isa = PBXBuildFile; fileRef = 97026CF11D0EA4E200A39086 /* _YYWebImageSetter.m */; };
		97026D1A1D0EA4E200A39086 /* CALayer+YYWebImage.h in Headers */ = {isa = PBXBuildFile; fileRef = 97026CF21D0EA4E200A39086 /* CALayer+YYWebImage.h */; settings = {ATTRIBUTES = (Public, ); }; };
		97026D1B1D0EA4E200A39086 /* CALayer+YYWebImage.m in Sources */ = {isa = PBXBuildFile; fileRef = 97026CF31D0EA4E200A39086 /* CALayer+YYWebImage.m */; };
		97026D1C1D0EA4E200A39086 /* MKAnnotationView+YYWebImage.h in Headers */ = {isa = PBXBuildFile; fileRef = 97026CF41D0EA4E200A39086 /* MKAnnotationView+YYWebImage.h */; settings = {ATTRIBUTES = (Public, ); }; };
		97026D1D1D0EA4E200A39086 /* MKAnnotationView+YYWebImage.m in Sources */ = {isa = PBXBuildFile; fileRef = 97026CF51D0EA4E200A39086 /* MKAnnotationView+YYWebImage.m */; };
		97026D1E1D0EA4E200A39086 /* UIButton+YYWebImage.h in Headers */ = {isa = PBXBuildFile; fileRef = 97026CF61D0EA4E200A39086 /* UIButton+YYWebImage.h */; settings = {ATTRIBUTES = (Public, ); }; };
		97026D1F1D0EA4E200A39086 /* UIButton+YYWebImage.m in Sources */ = {isa = PBXBuildFile; fileRef = 97026CF71D0EA4E200A39086 /* UIButton+YYWebImage.m */; };
		97026D201D0EA4E200A39086 /* UIImage+YYWebImage.h in Headers */ = {isa = PBXBuildFile; fileRef = 97026CF81D0EA4E200A39086 /* UIImage+YYWebImage.h */; settings = {ATTRIBUTES = (Public, ); }; };
		97026D211D0EA4E200A39086 /* UIImage+YYWebImage.m in Sources */ = {isa = PBXBuildFile; fileRef = 97026CF91D0EA4E200A39086 /* UIImage+YYWebImage.m */; };
		97026D221D0EA4E200A39086 /* UIImageView+YYWebImage.h in Headers */ = {isa = PBXBuildFile; fileRef = 97026CFA1D0EA4E200A39086 /* UIImageView+YYWebImage.h */; settings = {ATTRIBUTES = (Public, ); }; };
		97026D231D0EA4E200A39086 /* UIImageView+YYWebImage.m in Sources */ = {isa = PBXBuildFile; fileRef = 97026CFB1D0EA4E200A39086 /* UIImageView+YYWebImage.m */; };
		97026D241D0EA4E200A39086 /* YYAnimatedImageView.h in Headers */ = {isa = PBXBuildFile; fileRef = 97026CFD1D0EA4E200A39086 /* YYAnimatedImageView.h */; settings = {ATTRIBUTES = (Public, ); }; };
		97026D251D0EA4E200A39086 /* YYAnimatedImageView.m in Sources */ = {isa = PBXBuildFile; fileRef = 97026CFE1D0EA4E200A39086 /* YYAnimatedImageView.m */; };
		97026D261D0EA4E200A39086 /* YYFrameImage.h in Headers */ = {isa = PBXBuildFile; fileRef = 97026CFF1D0EA4E200A39086 /* YYFrameImage.h */; settings = {ATTRIBUTES = (Public, ); }; };
		97026D271D0EA4E200A39086 /* YYFrameImage.m in Sources */ = {isa = PBXBuildFile; fileRef = 97026D001D0EA4E200A39086 /* YYFrameImage.m */; };
		97026D281D0EA4E200A39086 /* YYImage.h in Headers */ = {isa = PBXBuildFile; fileRef = 97026D011D0EA4E200A39086 /* YYImage.h */; settings = {ATTRIBUTES = (Public, ); }; };
		97026D291D0EA4E200A39086 /* YYImage.m in Sources */ = {isa = PBXBuildFile; fileRef = 97026D021D0EA4E200A39086 /* YYImage.m */; };
		97026D2A1D0EA4E200A39086 /* YYImageCoder.h in Headers */ = {isa = PBXBuildFile; fileRef = 97026D031D0EA4E200A39086 /* YYImageCoder.h */; settings = {ATTRIBUTES = (Public, ); }; };
		97026D2B1D0EA4E200A39086 /* YYImageCoder.m in Sources */ = {isa = PBXBuildFile; fileRef = 97026D041D0EA4E200A39086 /* YYImageCoder.m */; };
		97026D2C1D0EA4E200A39086 /* YYSpriteSheetImage.h in Headers */ = {isa = PBXBuildFile; fileRef = 97026D051D0EA4E200A39086 /* YYSpriteSheetImage.h */; settings = {ATTRIBUTES = (Public, ); }; };
		97026D2D1D0EA4E200A39086 /* YYSpriteSheetImage.m in Sources */ = {isa = PBXBuildFile; fileRef = 97026D061D0EA4E200A39086 /* YYSpriteSheetImage.m */; };
		97026D301D0EA4E200A39086 /* YYImageCache.h in Headers */ = {isa = PBXBuildFile; fileRef = 97026D091D0EA4E200A39086 /* YYImageCache.h */; settings = {ATTRIBUTES = (Public, ); }; };
		97026D311D0EA4E200A39086 /* YYImageCache.m in Sources */ = {isa = PBXBuildFile; fileRef = 97026D0A1D0EA4E200A39086 /* YYImageCache.m */; };
		97026D321D0EA4E200A39086 /* YYWebImage.h in Headers */ = {isa = PBXBuildFile; fileRef = 97026D0B1D0EA4E200A39086 /* YYWebImage.h */; settings = {ATTRIBUTES = (Public, ); }; };
		97026D331D0EA4E200A39086 /* YYWebImageManager.h in Headers */ = {isa = PBXBuildFile; fileRef = 97026D0C1D0EA4E200A39086 /* YYWebImageManager.h */; settings = {ATTRIBUTES = (Public, ); }; };
		97026D341D0EA4E200A39086 /* YYWebImageManager.m in Sources */ = {isa = PBXBuildFile; fileRef = 97026D0D1D0EA4E200A39086 /* YYWebImageManager.m */; };
		97026D351D0EA4E200A39086 /* YYWebImageOperation.h in Headers */ = {isa = PBXBuildFile; fileRef = 97026D0E1D0EA4E200A39086 /* YYWebImageOperation.h */; settings = {ATTRIBUTES = (Public, ); }; };
		97026D361D0EA4E200A39086 /* YYWebImageOperation.m in Sources */ = {isa = PBXBuildFile; fileRef = 97026D0F1D0EA4E200A39086 /* YYWebImageOperation.m */; };
		97026D381D0EA91400A39086 /* libsqlite3.tbd in Frameworks */ = {isa = PBXBuildFile; fileRef = 97026D371D0EA91400A39086 /* libsqlite3.tbd */; };
		97026D3C1D0EA95D00A39086 /* WebP.framework in Frameworks */ = {isa = PBXBuildFile; fileRef = 97026D3A1D0EA95D00A39086 /* WebP.framework */; };
		97026D3D1D0EA95D00A39086 /* WebP.sh in Resources */ = {isa = PBXBuildFile; fileRef = 97026D3B1D0EA95D00A39086 /* WebP.sh */; };
		97026D411D0EA98900A39086 /* libz.tbd in Frameworks */ = {isa = PBXBuildFile; fileRef = 97026D401D0EA98900A39086 /* libz.tbd */; };
		97103A171C631DFA00AC3B43 /* UIView+Animations.m in Sources */ = {isa = PBXBuildFile; fileRef = 971039F21C631DFA00AC3B43 /* UIView+Animations.m */; };
		97103A181C631DFA00AC3B43 /* UIViewController+XMNPhotoHUD.m in Sources */ = {isa = PBXBuildFile; fileRef = 971039F41C631DFA00AC3B43 /* UIViewController+XMNPhotoHUD.m */; };
		97103A191C631DFA00AC3B43 /* XMNPhotoCollectionController.m in Sources */ = {isa = PBXBuildFile; fileRef = 971039F71C631DFA00AC3B43 /* XMNPhotoCollectionController.m */; };
		97103A1A1C631DFA00AC3B43 /* XMNPhotoPickerController.m in Sources */ = {isa = PBXBuildFile; fileRef = 971039F91C631DFA00AC3B43 /* XMNPhotoPickerController.m */; };
		97103A1B1C631DFA00AC3B43 /* XMNPhotoPreviewController.m in Sources */ = {isa = PBXBuildFile; fileRef = 971039FB1C631DFA00AC3B43 /* XMNPhotoPreviewController.m */; };
		97103A1C1C631DFA00AC3B43 /* XMNVideoPreviewController.m in Sources */ = {isa = PBXBuildFile; fileRef = 971039FD1C631DFA00AC3B43 /* XMNVideoPreviewController.m */; };
		97103A1D1C631DFA00AC3B43 /* XMNAlbumModel.m in Sources */ = {isa = PBXBuildFile; fileRef = 97103A001C631DFA00AC3B43 /* XMNAlbumModel.m */; };
		97103A1E1C631DFA00AC3B43 /* XMNAssetModel.m in Sources */ = {isa = PBXBuildFile; fileRef = 97103A021C631DFA00AC3B43 /* XMNAssetModel.m */; };
		97103A1F1C631DFA00AC3B43 /* PhotoPickerKit.xcassets in Resources */ = {isa = PBXBuildFile; fileRef = 97103A031C631DFA00AC3B43 /* PhotoPickerKit.xcassets */; };
		97103A201C631DFA00AC3B43 /* XMNAlbumCell.m in Sources */ = {isa = PBXBuildFile; fileRef = 97103A061C631DFA00AC3B43 /* XMNAlbumCell.m */; };
		97103A211C631DFA00AC3B43 /* XMNAlbumCell.xib in Resources */ = {isa = PBXBuildFile; fileRef = 97103A071C631DFA00AC3B43 /* XMNAlbumCell.xib */; };
		97103A221C631DFA00AC3B43 /* XMNAssetCell.m in Sources */ = {isa = PBXBuildFile; fileRef = 97103A091C631DFA00AC3B43 /* XMNAssetCell.m */; };
		97103A231C631DFA00AC3B43 /* XMNAssetCell.xib in Resources */ = {isa = PBXBuildFile; fileRef = 97103A0A1C631DFA00AC3B43 /* XMNAssetCell.xib */; };
		97103A241C631DFA00AC3B43 /* XMNBottomBar.m in Sources */ = {isa = PBXBuildFile; fileRef = 97103A0C1C631DFA00AC3B43 /* XMNBottomBar.m */; };
		97103A251C631DFA00AC3B43 /* XMNBottomBar.xib in Resources */ = {isa = PBXBuildFile; fileRef = 97103A0D1C631DFA00AC3B43 /* XMNBottomBar.xib */; };
		97103A261C631DFA00AC3B43 /* XMNPhotoPicker.m in Sources */ = {isa = PBXBuildFile; fileRef = 97103A0F1C631DFA00AC3B43 /* XMNPhotoPicker.m */; };
		97103A271C631DFA00AC3B43 /* XMNPhotoPicker.xib in Resources */ = {isa = PBXBuildFile; fileRef = 97103A101C631DFA00AC3B43 /* XMNPhotoPicker.xib */; };
		97103A281C631DFA00AC3B43 /* XMNPhotoPreviewCell.m in Sources */ = {isa = PBXBuildFile; fileRef = 97103A121C631DFA00AC3B43 /* XMNPhotoPreviewCell.m */; };
		97103A291C631DFA00AC3B43 /* XMNPhotoManager.m in Sources */ = {isa = PBXBuildFile; fileRef = 97103A141C631DFA00AC3B43 /* XMNPhotoManager.m */; };
		9725EC431CD347310073F4AD /* XMNPhotoStickLayout.m in Sources */ = {isa = PBXBuildFile; fileRef = 9725EC421CD347310073F4AD /* XMNPhotoStickLayout.m */; };
		972D3D6F1C59E9F800B057BD /* main.m in Sources */ = {isa = PBXBuildFile; fileRef = 972D3D6E1C59E9F800B057BD /* main.m */; };
		972D3D721C59E9F800B057BD /* AppDelegate.m in Sources */ = {isa = PBXBuildFile; fileRef = 972D3D711C59E9F800B057BD /* AppDelegate.m */; };
		972D3D751C59E9F800B057BD /* ViewController.m in Sources */ = {isa = PBXBuildFile; fileRef = 972D3D741C59E9F800B057BD /* ViewController.m */; };
		972D3D781C59E9F800B057BD /* Main.storyboard in Resources */ = {isa = PBXBuildFile; fileRef = 972D3D761C59E9F800B057BD /* Main.storyboard */; };
		972D3D7A1C59E9F800B057BD /* Assets.xcassets in Resources */ = {isa = PBXBuildFile; fileRef = 972D3D791C59E9F800B057BD /* Assets.xcassets */; };
		972D3D7D1C59E9F800B057BD /* LaunchScreen.storyboard in Resources */ = {isa = PBXBuildFile; fileRef = 972D3D7B1C59E9F800B057BD /* LaunchScreen.storyboard */; };
		972D3D9A1C5A067C00B057BD /* XMNPhotoPickerKitExampleTests.m in Sources */ = {isa = PBXBuildFile; fileRef = 972D3D991C5A067C00B057BD /* XMNPhotoPickerKitExampleTests.m */; };
		972D3DA21C5A069700B057BD /* XMNPhotoManagerTest.m in Sources */ = {isa = PBXBuildFile; fileRef = 972D3DA11C5A069700B057BD /* XMNPhotoManagerTest.m */; };
		97F33E951D0FB2150057C814 /* XMNPhotoBrowserTransition.h in Headers */ = {isa = PBXBuildFile; fileRef = 97F33E931D0FB2150057C814 /* XMNPhotoBrowserTransition.h */; };
		97F33E961D0FB2150057C814 /* XMNPhotoBrowserTransition.m in Sources */ = {isa = PBXBuildFile; fileRef = 97F33E941D0FB2150057C814 /* XMNPhotoBrowserTransition.m */; };
		97F33E991D0FE0950057C814 /* XMNPhotoProgressView.h in Headers */ = {isa = PBXBuildFile; fileRef = 97F33E971D0FE0950057C814 /* XMNPhotoProgressView.h */; settings = {ATTRIBUTES = (Public, ); }; };
		97F33E9A1D0FE0950057C814 /* XMNPhotoProgressView.m in Sources */ = {isa = PBXBuildFile; fileRef = 97F33E981D0FE0950057C814 /* XMNPhotoProgressView.m */; };
/* End PBXBuildFile section */

/* Begin PBXContainerItemProxy section */
		97026CCD1D0E9C1100A39086 /* PBXContainerItemProxy */ = {
			isa = PBXContainerItemProxy;
			containerPortal = 972D3D621C59E9F800B057BD /* Project object */;
			proxyType = 1;
			remoteGlobalIDString = 97026CC71D0E9C1000A39086;
			remoteInfo = XMNPhotoBrowser;
		};
		972D3D9C1C5A067C00B057BD /* PBXContainerItemProxy */ = {
			isa = PBXContainerItemProxy;
			containerPortal = 972D3D621C59E9F800B057BD /* Project object */;
			proxyType = 1;
			remoteGlobalIDString = 972D3D691C59E9F800B057BD;
			remoteInfo = XMNPhotoPickerKitExample;
		};
/* End PBXContainerItemProxy section */

/* Begin PBXCopyFilesBuildPhase section */
		97026CD41D0E9C1100A39086 /* Embed Frameworks */ = {
			isa = PBXCopyFilesBuildPhase;
			buildActionMask = 2147483647;
			dstPath = "";
			dstSubfolderSpec = 10;
			files = (
				97026CD01D0E9C1100A39086 /* XMNPhotoBrowser.framework in Embed Frameworks */,
			);
			name = "Embed Frameworks";
			runOnlyForDeploymentPostprocessing = 0;
		};
/* End PBXCopyFilesBuildPhase section */

/* Begin PBXFileReference section */
		97026CC81D0E9C1000A39086 /* XMNPhotoBrowser.framework */ = {isa = PBXFileReference; explicitFileType = wrapper.framework; includeInIndex = 0; path = XMNPhotoBrowser.framework; sourceTree = BUILT_PRODUCTS_DIR; };
		97026CCA1D0E9C1100A39086 /* XMNPhotoBrowser.h */ = {isa = PBXFileReference; lastKnownFileType = sourcecode.c.h; path = XMNPhotoBrowser.h; sourceTree = "<group>"; };
		97026CCC1D0E9C1100A39086 /* Info.plist */ = {isa = PBXFileReference; lastKnownFileType = text.plist.xml; path = Info.plist; sourceTree = "<group>"; };
		97026CD91D0E9D2300A39086 /* XMNPhotoBrowserController.h */ = {isa = PBXFileReference; fileEncoding = 4; lastKnownFileType = sourcecode.c.h; path = XMNPhotoBrowserController.h; sourceTree = "<group>"; };
		97026CDA1D0E9D2300A39086 /* XMNPhotoBrowserController.m */ = {isa = PBXFileReference; fileEncoding = 4; lastKnownFileType = sourcecode.c.objc; path = XMNPhotoBrowserController.m; sourceTree = "<group>"; };
		97026CDD1D0E9EF900A39086 /* XMNPhotoBrowserCell.h */ = {isa = PBXFileReference; fileEncoding = 4; lastKnownFileType = sourcecode.c.h; path = XMNPhotoBrowserCell.h; sourceTree = "<group>"; };
		97026CDE1D0E9EF900A39086 /* XMNPhotoBrowserCell.m */ = {isa = PBXFileReference; fileEncoding = 4; lastKnownFileType = sourcecode.c.objc; path = XMNPhotoBrowserCell.m; sourceTree = "<group>"; };
		97026CE11D0E9F3800A39086 /* XMNPhotoModel.h */ = {isa = PBXFileReference; fileEncoding = 4; lastKnownFileType = sourcecode.c.h; path = XMNPhotoModel.h; sourceTree = "<group>"; };
		97026CE21D0E9F3800A39086 /* XMNPhotoModel.m */ = {isa = PBXFileReference; fileEncoding = 4; lastKnownFileType = sourcecode.c.objc; path = XMNPhotoModel.m; sourceTree = "<group>"; };
		97026CE71D0EA4E200A39086 /* YYCache.h */ = {isa = PBXFileReference; fileEncoding = 4; lastKnownFileType = sourcecode.c.h; path = YYCache.h; sourceTree = "<group>"; };
		97026CE81D0EA4E200A39086 /* YYCache.m */ = {isa = PBXFileReference; fileEncoding = 4; lastKnownFileType = sourcecode.c.objc; path = YYCache.m; sourceTree = "<group>"; };
		97026CE91D0EA4E200A39086 /* YYDiskCache.h */ = {isa = PBXFileReference; fileEncoding = 4; lastKnownFileType = sourcecode.c.h; path = YYDiskCache.h; sourceTree = "<group>"; };
		97026CEA1D0EA4E200A39086 /* YYDiskCache.m */ = {isa = PBXFileReference; fileEncoding = 4; lastKnownFileType = sourcecode.c.objc; path = YYDiskCache.m; sourceTree = "<group>"; };
		97026CEB1D0EA4E200A39086 /* YYKVStorage.h */ = {isa = PBXFileReference; fileEncoding = 4; lastKnownFileType = sourcecode.c.h; path = YYKVStorage.h; sourceTree = "<group>"; };
		97026CEC1D0EA4E200A39086 /* YYKVStorage.m */ = {isa = PBXFileReference; fileEncoding = 4; lastKnownFileType = sourcecode.c.objc; path = YYKVStorage.m; sourceTree = "<group>"; };
		97026CED1D0EA4E200A39086 /* YYMemoryCache.h */ = {isa = PBXFileReference; fileEncoding = 4; lastKnownFileType = sourcecode.c.h; path = YYMemoryCache.h; sourceTree = "<group>"; };
		97026CEE1D0EA4E200A39086 /* YYMemoryCache.m */ = {isa = PBXFileReference; fileEncoding = 4; lastKnownFileType = sourcecode.c.objc; path = YYMemoryCache.m; sourceTree = "<group>"; };
		97026CF01D0EA4E200A39086 /* _YYWebImageSetter.h */ = {isa = PBXFileReference; fileEncoding = 4; lastKnownFileType = sourcecode.c.h; path = _YYWebImageSetter.h; sourceTree = "<group>"; };
		97026CF11D0EA4E200A39086 /* _YYWebImageSetter.m */ = {isa = PBXFileReference; fileEncoding = 4; lastKnownFileType = sourcecode.c.objc; path = _YYWebImageSetter.m; sourceTree = "<group>"; };
		97026CF21D0EA4E200A39086 /* CALayer+YYWebImage.h */ = {isa = PBXFileReference; fileEncoding = 4; lastKnownFileType = sourcecode.c.h; path = "CALayer+YYWebImage.h"; sourceTree = "<group>"; };
		97026CF31D0EA4E200A39086 /* CALayer+YYWebImage.m */ = {isa = PBXFileReference; fileEncoding = 4; lastKnownFileType = sourcecode.c.objc; path = "CALayer+YYWebImage.m"; sourceTree = "<group>"; };
		97026CF41D0EA4E200A39086 /* MKAnnotationView+YYWebImage.h */ = {isa = PBXFileReference; fileEncoding = 4; lastKnownFileType = sourcecode.c.h; path = "MKAnnotationView+YYWebImage.h"; sourceTree = "<group>"; };
		97026CF51D0EA4E200A39086 /* MKAnnotationView+YYWebImage.m */ = {isa = PBXFileReference; fileEncoding = 4; lastKnownFileType = sourcecode.c.objc; path = "MKAnnotationView+YYWebImage.m"; sourceTree = "<group>"; };
		97026CF61D0EA4E200A39086 /* UIButton+YYWebImage.h */ = {isa = PBXFileReference; fileEncoding = 4; lastKnownFileType = sourcecode.c.h; path = "UIButton+YYWebImage.h"; sourceTree = "<group>"; };
		97026CF71D0EA4E200A39086 /* UIButton+YYWebImage.m */ = {isa = PBXFileReference; fileEncoding = 4; lastKnownFileType = sourcecode.c.objc; path = "UIButton+YYWebImage.m"; sourceTree = "<group>"; };
		97026CF81D0EA4E200A39086 /* UIImage+YYWebImage.h */ = {isa = PBXFileReference; fileEncoding = 4; lastKnownFileType = sourcecode.c.h; path = "UIImage+YYWebImage.h"; sourceTree = "<group>"; };
		97026CF91D0EA4E200A39086 /* UIImage+YYWebImage.m */ = {isa = PBXFileReference; fileEncoding = 4; lastKnownFileType = sourcecode.c.objc; path = "UIImage+YYWebImage.m"; sourceTree = "<group>"; };
		97026CFA1D0EA4E200A39086 /* UIImageView+YYWebImage.h */ = {isa = PBXFileReference; fileEncoding = 4; lastKnownFileType = sourcecode.c.h; path = "UIImageView+YYWebImage.h"; sourceTree = "<group>"; };
		97026CFB1D0EA4E200A39086 /* UIImageView+YYWebImage.m */ = {isa = PBXFileReference; fileEncoding = 4; lastKnownFileType = sourcecode.c.objc; path = "UIImageView+YYWebImage.m"; sourceTree = "<group>"; };
		97026CFD1D0EA4E200A39086 /* YYAnimatedImageView.h */ = {isa = PBXFileReference; fileEncoding = 4; lastKnownFileType = sourcecode.c.h; path = YYAnimatedImageView.h; sourceTree = "<group>"; };
		97026CFE1D0EA4E200A39086 /* YYAnimatedImageView.m */ = {isa = PBXFileReference; fileEncoding = 4; lastKnownFileType = sourcecode.c.objc; path = YYAnimatedImageView.m; sourceTree = "<group>"; };
		97026CFF1D0EA4E200A39086 /* YYFrameImage.h */ = {isa = PBXFileReference; fileEncoding = 4; lastKnownFileType = sourcecode.c.h; path = YYFrameImage.h; sourceTree = "<group>"; };
		97026D001D0EA4E200A39086 /* YYFrameImage.m */ = {isa = PBXFileReference; fileEncoding = 4; lastKnownFileType = sourcecode.c.objc; path = YYFrameImage.m; sourceTree = "<group>"; };
		97026D011D0EA4E200A39086 /* YYImage.h */ = {isa = PBXFileReference; fileEncoding = 4; lastKnownFileType = sourcecode.c.h; path = YYImage.h; sourceTree = "<group>"; };
		97026D021D0EA4E200A39086 /* YYImage.m */ = {isa = PBXFileReference; fileEncoding = 4; lastKnownFileType = sourcecode.c.objc; path = YYImage.m; sourceTree = "<group>"; };
		97026D031D0EA4E200A39086 /* YYImageCoder.h */ = {isa = PBXFileReference; fileEncoding = 4; lastKnownFileType = sourcecode.c.h; path = YYImageCoder.h; sourceTree = "<group>"; };
		97026D041D0EA4E200A39086 /* YYImageCoder.m */ = {isa = PBXFileReference; fileEncoding = 4; lastKnownFileType = sourcecode.c.objc; path = YYImageCoder.m; sourceTree = "<group>"; };
		97026D051D0EA4E200A39086 /* YYSpriteSheetImage.h */ = {isa = PBXFileReference; fileEncoding = 4; lastKnownFileType = sourcecode.c.h; path = YYSpriteSheetImage.h; sourceTree = "<group>"; };
		97026D061D0EA4E200A39086 /* YYSpriteSheetImage.m */ = {isa = PBXFileReference; fileEncoding = 4; lastKnownFileType = sourcecode.c.objc; path = YYSpriteSheetImage.m; sourceTree = "<group>"; };
		97026D091D0EA4E200A39086 /* YYImageCache.h */ = {isa = PBXFileReference; fileEncoding = 4; lastKnownFileType = sourcecode.c.h; path = YYImageCache.h; sourceTree = "<group>"; };
		97026D0A1D0EA4E200A39086 /* YYImageCache.m */ = {isa = PBXFileReference; fileEncoding = 4; lastKnownFileType = sourcecode.c.objc; path = YYImageCache.m; sourceTree = "<group>"; };
		97026D0B1D0EA4E200A39086 /* YYWebImage.h */ = {isa = PBXFileReference; fileEncoding = 4; lastKnownFileType = sourcecode.c.h; path = YYWebImage.h; sourceTree = "<group>"; };
		97026D0C1D0EA4E200A39086 /* YYWebImageManager.h */ = {isa = PBXFileReference; fileEncoding = 4; lastKnownFileType = sourcecode.c.h; path = YYWebImageManager.h; sourceTree = "<group>"; };
		97026D0D1D0EA4E200A39086 /* YYWebImageManager.m */ = {isa = PBXFileReference; fileEncoding = 4; lastKnownFileType = sourcecode.c.objc; path = YYWebImageManager.m; sourceTree = "<group>"; };
		97026D0E1D0EA4E200A39086 /* YYWebImageOperation.h */ = {isa = PBXFileReference; fileEncoding = 4; lastKnownFileType = sourcecode.c.h; path = YYWebImageOperation.h; sourceTree = "<group>"; };
		97026D0F1D0EA4E200A39086 /* YYWebImageOperation.m */ = {isa = PBXFileReference; fileEncoding = 4; lastKnownFileType = sourcecode.c.objc; path = YYWebImageOperation.m; sourceTree = "<group>"; };
		97026D371D0EA91400A39086 /* libsqlite3.tbd */ = {isa = PBXFileReference; lastKnownFileType = "sourcecode.text-based-dylib-definition"; name = libsqlite3.tbd; path = usr/lib/libsqlite3.tbd; sourceTree = SDKROOT; };
		97026D3A1D0EA95D00A39086 /* WebP.framework */ = {isa = PBXFileReference; lastKnownFileType = wrapper.framework; path = WebP.framework; sourceTree = "<group>"; };
		97026D3B1D0EA95D00A39086 /* WebP.sh */ = {isa = PBXFileReference; fileEncoding = 4; lastKnownFileType = text.script.sh; path = WebP.sh; sourceTree = "<group>"; };
		97026D401D0EA98900A39086 /* libz.tbd */ = {isa = PBXFileReference; lastKnownFileType = "sourcecode.text-based-dylib-definition"; name = libz.tbd; path = usr/lib/libz.tbd; sourceTree = SDKROOT; };
		971039F11C631DFA00AC3B43 /* UIView+Animations.h */ = {isa = PBXFileReference; fileEncoding = 4; lastKnownFileType = sourcecode.c.h; path = "UIView+Animations.h"; sourceTree = "<group>"; };
		971039F21C631DFA00AC3B43 /* UIView+Animations.m */ = {isa = PBXFileReference; fileEncoding = 4; lastKnownFileType = sourcecode.c.objc; path = "UIView+Animations.m"; sourceTree = "<group>"; };
		971039F31C631DFA00AC3B43 /* UIViewController+XMNPhotoHUD.h */ = {isa = PBXFileReference; fileEncoding = 4; lastKnownFileType = sourcecode.c.h; path = "UIViewController+XMNPhotoHUD.h"; sourceTree = "<group>"; };
		971039F41C631DFA00AC3B43 /* UIViewController+XMNPhotoHUD.m */ = {isa = PBXFileReference; fileEncoding = 4; lastKnownFileType = sourcecode.c.objc; path = "UIViewController+XMNPhotoHUD.m"; sourceTree = "<group>"; };
		971039F61C631DFA00AC3B43 /* XMNPhotoCollectionController.h */ = {isa = PBXFileReference; fileEncoding = 4; lastKnownFileType = sourcecode.c.h; path = XMNPhotoCollectionController.h; sourceTree = "<group>"; };
		971039F71C631DFA00AC3B43 /* XMNPhotoCollectionController.m */ = {isa = PBXFileReference; fileEncoding = 4; lastKnownFileType = sourcecode.c.objc; path = XMNPhotoCollectionController.m; sourceTree = "<group>"; };
		971039F81C631DFA00AC3B43 /* XMNPhotoPickerController.h */ = {isa = PBXFileReference; fileEncoding = 4; lastKnownFileType = sourcecode.c.h; path = XMNPhotoPickerController.h; sourceTree = "<group>"; };
		971039F91C631DFA00AC3B43 /* XMNPhotoPickerController.m */ = {isa = PBXFileReference; fileEncoding = 4; lastKnownFileType = sourcecode.c.objc; path = XMNPhotoPickerController.m; sourceTree = "<group>"; };
		971039FA1C631DFA00AC3B43 /* XMNPhotoPreviewController.h */ = {isa = PBXFileReference; fileEncoding = 4; lastKnownFileType = sourcecode.c.h; path = XMNPhotoPreviewController.h; sourceTree = "<group>"; };
		971039FB1C631DFA00AC3B43 /* XMNPhotoPreviewController.m */ = {isa = PBXFileReference; fileEncoding = 4; lastKnownFileType = sourcecode.c.objc; path = XMNPhotoPreviewController.m; sourceTree = "<group>"; };
		971039FC1C631DFA00AC3B43 /* XMNVideoPreviewController.h */ = {isa = PBXFileReference; fileEncoding = 4; lastKnownFileType = sourcecode.c.h; path = XMNVideoPreviewController.h; sourceTree = "<group>"; };
		971039FD1C631DFA00AC3B43 /* XMNVideoPreviewController.m */ = {isa = PBXFileReference; fileEncoding = 4; lastKnownFileType = sourcecode.c.objc; path = XMNVideoPreviewController.m; sourceTree = "<group>"; };
		971039FF1C631DFA00AC3B43 /* XMNAlbumModel.h */ = {isa = PBXFileReference; fileEncoding = 4; lastKnownFileType = sourcecode.c.h; path = XMNAlbumModel.h; sourceTree = "<group>"; };
		97103A001C631DFA00AC3B43 /* XMNAlbumModel.m */ = {isa = PBXFileReference; fileEncoding = 4; lastKnownFileType = sourcecode.c.objc; path = XMNAlbumModel.m; sourceTree = "<group>"; };
		97103A011C631DFA00AC3B43 /* XMNAssetModel.h */ = {isa = PBXFileReference; fileEncoding = 4; lastKnownFileType = sourcecode.c.h; path = XMNAssetModel.h; sourceTree = "<group>"; };
		97103A021C631DFA00AC3B43 /* XMNAssetModel.m */ = {isa = PBXFileReference; fileEncoding = 4; lastKnownFileType = sourcecode.c.objc; path = XMNAssetModel.m; sourceTree = "<group>"; };
		97103A031C631DFA00AC3B43 /* PhotoPickerKit.xcassets */ = {isa = PBXFileReference; lastKnownFileType = folder.assetcatalog; path = PhotoPickerKit.xcassets; sourceTree = "<group>"; };
		97103A051C631DFA00AC3B43 /* XMNAlbumCell.h */ = {isa = PBXFileReference; fileEncoding = 4; lastKnownFileType = sourcecode.c.h; path = XMNAlbumCell.h; sourceTree = "<group>"; };
		97103A061C631DFA00AC3B43 /* XMNAlbumCell.m */ = {isa = PBXFileReference; fileEncoding = 4; lastKnownFileType = sourcecode.c.objc; path = XMNAlbumCell.m; sourceTree = "<group>"; };
		97103A071C631DFA00AC3B43 /* XMNAlbumCell.xib */ = {isa = PBXFileReference; fileEncoding = 4; lastKnownFileType = file.xib; path = XMNAlbumCell.xib; sourceTree = "<group>"; };
		97103A081C631DFA00AC3B43 /* XMNAssetCell.h */ = {isa = PBXFileReference; fileEncoding = 4; lastKnownFileType = sourcecode.c.h; path = XMNAssetCell.h; sourceTree = "<group>"; };
		97103A091C631DFA00AC3B43 /* XMNAssetCell.m */ = {isa = PBXFileReference; fileEncoding = 4; lastKnownFileType = sourcecode.c.objc; path = XMNAssetCell.m; sourceTree = "<group>"; };
		97103A0A1C631DFA00AC3B43 /* XMNAssetCell.xib */ = {isa = PBXFileReference; fileEncoding = 4; lastKnownFileType = file.xib; path = XMNAssetCell.xib; sourceTree = "<group>"; };
		97103A0B1C631DFA00AC3B43 /* XMNBottomBar.h */ = {isa = PBXFileReference; fileEncoding = 4; lastKnownFileType = sourcecode.c.h; path = XMNBottomBar.h; sourceTree = "<group>"; };
		97103A0C1C631DFA00AC3B43 /* XMNBottomBar.m */ = {isa = PBXFileReference; fileEncoding = 4; lastKnownFileType = sourcecode.c.objc; path = XMNBottomBar.m; sourceTree = "<group>"; };
		97103A0D1C631DFA00AC3B43 /* XMNBottomBar.xib */ = {isa = PBXFileReference; fileEncoding = 4; lastKnownFileType = file.xib; path = XMNBottomBar.xib; sourceTree = "<group>"; };
		97103A0E1C631DFA00AC3B43 /* XMNPhotoPicker.h */ = {isa = PBXFileReference; fileEncoding = 4; lastKnownFileType = sourcecode.c.h; path = XMNPhotoPicker.h; sourceTree = "<group>"; };
		97103A0F1C631DFA00AC3B43 /* XMNPhotoPicker.m */ = {isa = PBXFileReference; fileEncoding = 4; lastKnownFileType = sourcecode.c.objc; path = XMNPhotoPicker.m; sourceTree = "<group>"; };
		97103A101C631DFA00AC3B43 /* XMNPhotoPicker.xib */ = {isa = PBXFileReference; fileEncoding = 4; lastKnownFileType = file.xib; path = XMNPhotoPicker.xib; sourceTree = "<group>"; };
		97103A111C631DFA00AC3B43 /* XMNPhotoPreviewCell.h */ = {isa = PBXFileReference; fileEncoding = 4; lastKnownFileType = sourcecode.c.h; path = XMNPhotoPreviewCell.h; sourceTree = "<group>"; };
		97103A121C631DFA00AC3B43 /* XMNPhotoPreviewCell.m */ = {isa = PBXFileReference; fileEncoding = 4; lastKnownFileType = sourcecode.c.objc; path = XMNPhotoPreviewCell.m; sourceTree = "<group>"; };
		97103A131C631DFA00AC3B43 /* XMNPhotoManager.h */ = {isa = PBXFileReference; fileEncoding = 4; lastKnownFileType = sourcecode.c.h; path = XMNPhotoManager.h; sourceTree = "<group>"; };
		97103A141C631DFA00AC3B43 /* XMNPhotoManager.m */ = {isa = PBXFileReference; fileEncoding = 4; lastKnownFileType = sourcecode.c.objc; path = XMNPhotoManager.m; sourceTree = "<group>"; };
		97103A151C631DFA00AC3B43 /* XMNPhotoPickerDefines.h */ = {isa = PBXFileReference; fileEncoding = 4; lastKnownFileType = sourcecode.c.h; path = XMNPhotoPickerDefines.h; sourceTree = "<group>"; };
		97103A161C631DFA00AC3B43 /* XMNPhotoPickerFramework.h */ = {isa = PBXFileReference; fileEncoding = 4; lastKnownFileType = sourcecode.c.h; path = XMNPhotoPickerFramework.h; sourceTree = "<group>"; };
		9725EC411CD347310073F4AD /* XMNPhotoStickLayout.h */ = {isa = PBXFileReference; fileEncoding = 4; lastKnownFileType = sourcecode.c.h; path = XMNPhotoStickLayout.h; sourceTree = "<group>"; };
		9725EC421CD347310073F4AD /* XMNPhotoStickLayout.m */ = {isa = PBXFileReference; fileEncoding = 4; lastKnownFileType = sourcecode.c.objc; path = XMNPhotoStickLayout.m; sourceTree = "<group>"; };
		972D3D6A1C59E9F800B057BD /* XMNPhotoPickerFrameworkExample.app */ = {isa = PBXFileReference; explicitFileType = wrapper.application; includeInIndex = 0; path = XMNPhotoPickerFrameworkExample.app; sourceTree = BUILT_PRODUCTS_DIR; };
		972D3D6E1C59E9F800B057BD /* main.m */ = {isa = PBXFileReference; lastKnownFileType = sourcecode.c.objc; path = main.m; sourceTree = "<group>"; };
		972D3D701C59E9F800B057BD /* AppDelegate.h */ = {isa = PBXFileReference; lastKnownFileType = sourcecode.c.h; path = AppDelegate.h; sourceTree = "<group>"; };
		972D3D711C59E9F800B057BD /* AppDelegate.m */ = {isa = PBXFileReference; lastKnownFileType = sourcecode.c.objc; path = AppDelegate.m; sourceTree = "<group>"; };
		972D3D731C59E9F800B057BD /* ViewController.h */ = {isa = PBXFileReference; lastKnownFileType = sourcecode.c.h; path = ViewController.h; sourceTree = "<group>"; };
		972D3D741C59E9F800B057BD /* ViewController.m */ = {isa = PBXFileReference; lastKnownFileType = sourcecode.c.objc; path = ViewController.m; sourceTree = "<group>"; };
		972D3D771C59E9F800B057BD /* Base */ = {isa = PBXFileReference; lastKnownFileType = file.storyboard; name = Base; path = Base.lproj/Main.storyboard; sourceTree = "<group>"; };
		972D3D791C59E9F800B057BD /* Assets.xcassets */ = {isa = PBXFileReference; lastKnownFileType = folder.assetcatalog; path = Assets.xcassets; sourceTree = "<group>"; };
		972D3D7C1C59E9F800B057BD /* Base */ = {isa = PBXFileReference; lastKnownFileType = file.storyboard; name = Base; path = Base.lproj/LaunchScreen.storyboard; sourceTree = "<group>"; };
		972D3D7E1C59E9F800B057BD /* Info.plist */ = {isa = PBXFileReference; lastKnownFileType = text.plist.xml; path = Info.plist; sourceTree = "<group>"; };
		972D3D971C5A067C00B057BD /* XMNPhotoPickerFrameworkExample.xctest */ = {isa = PBXFileReference; explicitFileType = wrapper.cfbundle; includeInIndex = 0; path = XMNPhotoPickerFrameworkExample.xctest; sourceTree = BUILT_PRODUCTS_DIR; };
		972D3D991C5A067C00B057BD /* XMNPhotoPickerKitExampleTests.m */ = {isa = PBXFileReference; lastKnownFileType = sourcecode.c.objc; path = XMNPhotoPickerKitExampleTests.m; sourceTree = "<group>"; };
		972D3D9B1C5A067C00B057BD /* Info.plist */ = {isa = PBXFileReference; lastKnownFileType = text.plist.xml; path = Info.plist; sourceTree = "<group>"; };
		972D3DA11C5A069700B057BD /* XMNPhotoManagerTest.m */ = {isa = PBXFileReference; fileEncoding = 4; lastKnownFileType = sourcecode.c.objc; path = XMNPhotoManagerTest.m; sourceTree = "<group>"; };
		97F33E931D0FB2150057C814 /* XMNPhotoBrowserTransition.h */ = {isa = PBXFileReference; fileEncoding = 4; lastKnownFileType = sourcecode.c.h; path = XMNPhotoBrowserTransition.h; sourceTree = "<group>"; };
		97F33E941D0FB2150057C814 /* XMNPhotoBrowserTransition.m */ = {isa = PBXFileReference; fileEncoding = 4; lastKnownFileType = sourcecode.c.objc; path = XMNPhotoBrowserTransition.m; sourceTree = "<group>"; };
		97F33E971D0FE0950057C814 /* XMNPhotoProgressView.h */ = {isa = PBXFileReference; fileEncoding = 4; lastKnownFileType = sourcecode.c.h; path = XMNPhotoProgressView.h; sourceTree = "<group>"; };
		97F33E981D0FE0950057C814 /* XMNPhotoProgressView.m */ = {isa = PBXFileReference; fileEncoding = 4; lastKnownFileType = sourcecode.c.objc; path = XMNPhotoProgressView.m; sourceTree = "<group>"; };
/* End PBXFileReference section */

/* Begin PBXFrameworksBuildPhase section */
		97026CC41D0E9C1000A39086 /* Frameworks */ = {
			isa = PBXFrameworksBuildPhase;
			buildActionMask = 2147483647;
			files = (
				97026D3C1D0EA95D00A39086 /* WebP.framework in Frameworks */,
				97026D411D0EA98900A39086 /* libz.tbd in Frameworks */,
				97026D381D0EA91400A39086 /* libsqlite3.tbd in Frameworks */,
			);
			runOnlyForDeploymentPostprocessing = 0;
		};
		972D3D671C59E9F800B057BD /* Frameworks */ = {
			isa = PBXFrameworksBuildPhase;
			buildActionMask = 2147483647;
			files = (
				97026CCF1D0E9C1100A39086 /* XMNPhotoBrowser.framework in Frameworks */,
			);
			runOnlyForDeploymentPostprocessing = 0;
		};
		972D3D941C5A067C00B057BD /* Frameworks */ = {
			isa = PBXFrameworksBuildPhase;
			buildActionMask = 2147483647;
			files = (
			);
			runOnlyForDeploymentPostprocessing = 0;
		};
/* End PBXFrameworksBuildPhase section */

/* Begin PBXGroup section */
		97026CC91D0E9C1100A39086 /* XMNPhotoBrowser */ = {
			isa = PBXGroup;
			children = (
				97026D371D0EA91400A39086 /* libsqlite3.tbd */,
				97026D401D0EA98900A39086 /* libz.tbd */,
				97026CD51D0E9C2D00A39086 /* Controllers */,
				97026CD61D0E9C2D00A39086 /* Models */,
				97026CD71D0E9C2D00A39086 /* Vendors */,
				97026CD81D0E9C2D00A39086 /* Views */,
				97026CCA1D0E9C1100A39086 /* XMNPhotoBrowser.h */,
				97026CCC1D0E9C1100A39086 /* Info.plist */,
			);
			path = XMNPhotoBrowser;
			sourceTree = "<group>";
		};
		97026CD51D0E9C2D00A39086 /* Controllers */ = {
			isa = PBXGroup;
			children = (
				97026CD91D0E9D2300A39086 /* XMNPhotoBrowserController.h */,
				97026CDA1D0E9D2300A39086 /* XMNPhotoBrowserController.m */,
			);
			path = Controllers;
			sourceTree = "<group>";
		};
		97026CD61D0E9C2D00A39086 /* Models */ = {
			isa = PBXGroup;
			children = (
				97026CE11D0E9F3800A39086 /* XMNPhotoModel.h */,
				97026CE21D0E9F3800A39086 /* XMNPhotoModel.m */,
				97F33E931D0FB2150057C814 /* XMNPhotoBrowserTransition.h */,
				97F33E941D0FB2150057C814 /* XMNPhotoBrowserTransition.m */,
			);
			path = Models;
			sourceTree = "<group>";
		};
		97026CD71D0E9C2D00A39086 /* Vendors */ = {
			isa = PBXGroup;
			children = (
				97026CE51D0EA4E200A39086 /* YYWebImage */,
			);
			path = Vendors;
			sourceTree = "<group>";
		};
		97026CD81D0E9C2D00A39086 /* Views */ = {
			isa = PBXGroup;
			children = (
				97026CDD1D0E9EF900A39086 /* XMNPhotoBrowserCell.h */,
				97026CDE1D0E9EF900A39086 /* XMNPhotoBrowserCell.m */,
				97F33E971D0FE0950057C814 /* XMNPhotoProgressView.h */,
				97F33E981D0FE0950057C814 /* XMNPhotoProgressView.m */,
			);
			path = Views;
			sourceTree = "<group>";
		};
		97026CE51D0EA4E200A39086 /* YYWebImage */ = {
			isa = PBXGroup;
			children = (
				97026D391D0EA95D00A39086 /* Vendor */,
				97026CE61D0EA4E200A39086 /* Cache */,
				97026CEF1D0EA4E200A39086 /* Categories */,
				97026CFC1D0EA4E200A39086 /* Image */,
				97026D091D0EA4E200A39086 /* YYImageCache.h */,
				97026D0A1D0EA4E200A39086 /* YYImageCache.m */,
				97026D0B1D0EA4E200A39086 /* YYWebImage.h */,
				97026D0C1D0EA4E200A39086 /* YYWebImageManager.h */,
				97026D0D1D0EA4E200A39086 /* YYWebImageManager.m */,
				97026D0E1D0EA4E200A39086 /* YYWebImageOperation.h */,
				97026D0F1D0EA4E200A39086 /* YYWebImageOperation.m */,
			);
			path = YYWebImage;
			sourceTree = "<group>";
		};
		97026CE61D0EA4E200A39086 /* Cache */ = {
			isa = PBXGroup;
			children = (
				97026CE71D0EA4E200A39086 /* YYCache.h */,
				97026CE81D0EA4E200A39086 /* YYCache.m */,
				97026CE91D0EA4E200A39086 /* YYDiskCache.h */,
				97026CEA1D0EA4E200A39086 /* YYDiskCache.m */,
				97026CEB1D0EA4E200A39086 /* YYKVStorage.h */,
				97026CEC1D0EA4E200A39086 /* YYKVStorage.m */,
				97026CED1D0EA4E200A39086 /* YYMemoryCache.h */,
				97026CEE1D0EA4E200A39086 /* YYMemoryCache.m */,
			);
			path = Cache;
			sourceTree = "<group>";
		};
		97026CEF1D0EA4E200A39086 /* Categories */ = {
			isa = PBXGroup;
			children = (
				97026CF01D0EA4E200A39086 /* _YYWebImageSetter.h */,
				97026CF11D0EA4E200A39086 /* _YYWebImageSetter.m */,
				97026CF21D0EA4E200A39086 /* CALayer+YYWebImage.h */,
				97026CF31D0EA4E200A39086 /* CALayer+YYWebImage.m */,
				97026CF41D0EA4E200A39086 /* MKAnnotationView+YYWebImage.h */,
				97026CF51D0EA4E200A39086 /* MKAnnotationView+YYWebImage.m */,
				97026CF61D0EA4E200A39086 /* UIButton+YYWebImage.h */,
				97026CF71D0EA4E200A39086 /* UIButton+YYWebImage.m */,
				97026CF81D0EA4E200A39086 /* UIImage+YYWebImage.h */,
				97026CF91D0EA4E200A39086 /* UIImage+YYWebImage.m */,
				97026CFA1D0EA4E200A39086 /* UIImageView+YYWebImage.h */,
				97026CFB1D0EA4E200A39086 /* UIImageView+YYWebImage.m */,
			);
			path = Categories;
			sourceTree = "<group>";
		};
		97026CFC1D0EA4E200A39086 /* Image */ = {
			isa = PBXGroup;
			children = (
				97026CFD1D0EA4E200A39086 /* YYAnimatedImageView.h */,
				97026CFE1D0EA4E200A39086 /* YYAnimatedImageView.m */,
				97026CFF1D0EA4E200A39086 /* YYFrameImage.h */,
				97026D001D0EA4E200A39086 /* YYFrameImage.m */,
				97026D011D0EA4E200A39086 /* YYImage.h */,
				97026D021D0EA4E200A39086 /* YYImage.m */,
				97026D031D0EA4E200A39086 /* YYImageCoder.h */,
				97026D041D0EA4E200A39086 /* YYImageCoder.m */,
				97026D051D0EA4E200A39086 /* YYSpriteSheetImage.h */,
				97026D061D0EA4E200A39086 /* YYSpriteSheetImage.m */,
			);
			path = Image;
			sourceTree = "<group>";
		};
		97026D391D0EA95D00A39086 /* Vendor */ = {
			isa = PBXGroup;
			children = (
				97026D3A1D0EA95D00A39086 /* WebP.framework */,
				97026D3B1D0EA95D00A39086 /* WebP.sh */,
			);
			path = Vendor;
			sourceTree = "<group>";
		};
		971039EF1C631DFA00AC3B43 /* XMNPhotoPickerFramework */ = {
			isa = PBXGroup;
			children = (
				971039F01C631DFA00AC3B43 /* Categories */,
				971039F51C631DFA00AC3B43 /* Controllers */,
				971039FE1C631DFA00AC3B43 /* Models */,
				97103A031C631DFA00AC3B43 /* PhotoPickerKit.xcassets */,
				97103A041C631DFA00AC3B43 /* Views */,
				97103A131C631DFA00AC3B43 /* XMNPhotoManager.h */,
				97103A141C631DFA00AC3B43 /* XMNPhotoManager.m */,
				97103A151C631DFA00AC3B43 /* XMNPhotoPickerDefines.h */,
				97103A161C631DFA00AC3B43 /* XMNPhotoPickerFramework.h */,
			);
			path = XMNPhotoPickerFramework;
			sourceTree = "<group>";
		};
		971039F01C631DFA00AC3B43 /* Categories */ = {
			isa = PBXGroup;
			children = (
				971039F11C631DFA00AC3B43 /* UIView+Animations.h */,
				971039F21C631DFA00AC3B43 /* UIView+Animations.m */,
				971039F31C631DFA00AC3B43 /* UIViewController+XMNPhotoHUD.h */,
				971039F41C631DFA00AC3B43 /* UIViewController+XMNPhotoHUD.m */,
			);
			path = Categories;
			sourceTree = "<group>";
		};
		971039F51C631DFA00AC3B43 /* Controllers */ = {
			isa = PBXGroup;
			children = (
				971039F61C631DFA00AC3B43 /* XMNPhotoCollectionController.h */,
				971039F71C631DFA00AC3B43 /* XMNPhotoCollectionController.m */,
				971039F81C631DFA00AC3B43 /* XMNPhotoPickerController.h */,
				971039F91C631DFA00AC3B43 /* XMNPhotoPickerController.m */,
				971039FA1C631DFA00AC3B43 /* XMNPhotoPreviewController.h */,
				971039FB1C631DFA00AC3B43 /* XMNPhotoPreviewController.m */,
				971039FC1C631DFA00AC3B43 /* XMNVideoPreviewController.h */,
				971039FD1C631DFA00AC3B43 /* XMNVideoPreviewController.m */,
			);
			path = Controllers;
			sourceTree = "<group>";
		};
		971039FE1C631DFA00AC3B43 /* Models */ = {
			isa = PBXGroup;
			children = (
				971039FF1C631DFA00AC3B43 /* XMNAlbumModel.h */,
				97103A001C631DFA00AC3B43 /* XMNAlbumModel.m */,
				97103A011C631DFA00AC3B43 /* XMNAssetModel.h */,
				97103A021C631DFA00AC3B43 /* XMNAssetModel.m */,
			);
			path = Models;
			sourceTree = "<group>";
		};
		97103A041C631DFA00AC3B43 /* Views */ = {
			isa = PBXGroup;
			children = (
				97103A051C631DFA00AC3B43 /* XMNAlbumCell.h */,
				97103A061C631DFA00AC3B43 /* XMNAlbumCell.m */,
				97103A071C631DFA00AC3B43 /* XMNAlbumCell.xib */,
				97103A081C631DFA00AC3B43 /* XMNAssetCell.h */,
				97103A091C631DFA00AC3B43 /* XMNAssetCell.m */,
				97103A0A1C631DFA00AC3B43 /* XMNAssetCell.xib */,
				97103A0B1C631DFA00AC3B43 /* XMNBottomBar.h */,
				97103A0C1C631DFA00AC3B43 /* XMNBottomBar.m */,
				97103A0D1C631DFA00AC3B43 /* XMNBottomBar.xib */,
				97103A0E1C631DFA00AC3B43 /* XMNPhotoPicker.h */,
				97103A0F1C631DFA00AC3B43 /* XMNPhotoPicker.m */,
				97103A101C631DFA00AC3B43 /* XMNPhotoPicker.xib */,
				97103A111C631DFA00AC3B43 /* XMNPhotoPreviewCell.h */,
				97103A121C631DFA00AC3B43 /* XMNPhotoPreviewCell.m */,
				9725EC411CD347310073F4AD /* XMNPhotoStickLayout.h */,
				9725EC421CD347310073F4AD /* XMNPhotoStickLayout.m */,
			);
			path = Views;
			sourceTree = "<group>";
		};
		972D3D611C59E9F800B057BD = {
			isa = PBXGroup;
			children = (
				971039EF1C631DFA00AC3B43 /* XMNPhotoPickerFramework */,
				972D3D6C1C59E9F800B057BD /* XMNPhotoPickerFrameworkExample */,
				972D3D981C5A067C00B057BD /* XMNPhotoPickerFrameworkExampleTests */,
				97026CC91D0E9C1100A39086 /* XMNPhotoBrowser */,
				972D3D6B1C59E9F800B057BD /* Products */,
			);
			sourceTree = "<group>";
		};
		972D3D6B1C59E9F800B057BD /* Products */ = {
			isa = PBXGroup;
			children = (
				972D3D6A1C59E9F800B057BD /* XMNPhotoPickerFrameworkExample.app */,
				972D3D971C5A067C00B057BD /* XMNPhotoPickerFrameworkExample.xctest */,
				97026CC81D0E9C1000A39086 /* XMNPhotoBrowser.framework */,
			);
			name = Products;
			sourceTree = "<group>";
		};
		972D3D6C1C59E9F800B057BD /* XMNPhotoPickerFrameworkExample */ = {
			isa = PBXGroup;
			children = (
				972D3D701C59E9F800B057BD /* AppDelegate.h */,
				972D3D711C59E9F800B057BD /* AppDelegate.m */,
				972D3D731C59E9F800B057BD /* ViewController.h */,
				972D3D741C59E9F800B057BD /* ViewController.m */,
				972D3D761C59E9F800B057BD /* Main.storyboard */,
				972D3D791C59E9F800B057BD /* Assets.xcassets */,
				972D3D7B1C59E9F800B057BD /* LaunchScreen.storyboard */,
				972D3D7E1C59E9F800B057BD /* Info.plist */,
				972D3D6D1C59E9F800B057BD /* Supporting Files */,
			);
			name = XMNPhotoPickerFrameworkExample;
			path = XMNPhotoPickerKitExample;
			sourceTree = "<group>";
		};
		972D3D6D1C59E9F800B057BD /* Supporting Files */ = {
			isa = PBXGroup;
			children = (
				972D3D6E1C59E9F800B057BD /* main.m */,
			);
			name = "Supporting Files";
			sourceTree = "<group>";
		};
		972D3D981C5A067C00B057BD /* XMNPhotoPickerFrameworkExampleTests */ = {
			isa = PBXGroup;
			children = (
				972D3D991C5A067C00B057BD /* XMNPhotoPickerKitExampleTests.m */,
				972D3D9B1C5A067C00B057BD /* Info.plist */,
				972D3DA11C5A069700B057BD /* XMNPhotoManagerTest.m */,
			);
			name = XMNPhotoPickerFrameworkExampleTests;
			path = XMNPhotoPickerKitExampleTests;
			sourceTree = "<group>";
		};
/* End PBXGroup section */

/* Begin PBXHeadersBuildPhase section */
		97026CC51D0E9C1000A39086 /* Headers */ = {
			isa = PBXHeadersBuildPhase;
			buildActionMask = 2147483647;
			files = (
				97026D141D0EA4E200A39086 /* YYKVStorage.h in Headers */,
				97026D121D0EA4E200A39086 /* YYDiskCache.h in Headers */,
				97026D351D0EA4E200A39086 /* YYWebImageOperation.h in Headers */,
				97026D221D0EA4E200A39086 /* UIImageView+YYWebImage.h in Headers */,
				97026CDB1D0E9D2300A39086 /* XMNPhotoBrowserController.h in Headers */,
				97026D261D0EA4E200A39086 /* YYFrameImage.h in Headers */,
				97026CDF1D0E9EF900A39086 /* XMNPhotoBrowserCell.h in Headers */,
				97026D1C1D0EA4E200A39086 /* MKAnnotationView+YYWebImage.h in Headers */,
				97026D161D0EA4E200A39086 /* YYMemoryCache.h in Headers */,
				97026D2A1D0EA4E200A39086 /* YYImageCoder.h in Headers */,
				97026D331D0EA4E200A39086 /* YYWebImageManager.h in Headers */,
				97026D301D0EA4E200A39086 /* YYImageCache.h in Headers */,
				97026D201D0EA4E200A39086 /* UIImage+YYWebImage.h in Headers */,
				97F33E951D0FB2150057C814 /* XMNPhotoBrowserTransition.h in Headers */,
				97026D1A1D0EA4E200A39086 /* CALayer+YYWebImage.h in Headers */,
				97026D241D0EA4E200A39086 /* YYAnimatedImageView.h in Headers */,
				97026D1E1D0EA4E200A39086 /* UIButton+YYWebImage.h in Headers */,
				97026CCB1D0E9C1100A39086 /* XMNPhotoBrowser.h in Headers */,
				97026D281D0EA4E200A39086 /* YYImage.h in Headers */,
				97026D321D0EA4E200A39086 /* YYWebImage.h in Headers */,
				97026D181D0EA4E200A39086 /* _YYWebImageSetter.h in Headers */,
				97026CE31D0E9F3800A39086 /* XMNPhotoModel.h in Headers */,
				97F33E991D0FE0950057C814 /* XMNPhotoProgressView.h in Headers */,
				97026D101D0EA4E200A39086 /* YYCache.h in Headers */,
				97026D2C1D0EA4E200A39086 /* YYSpriteSheetImage.h in Headers */,
			);
			runOnlyForDeploymentPostprocessing = 0;
		};
/* End PBXHeadersBuildPhase section */

/* Begin PBXNativeTarget section */
		97026CC71D0E9C1000A39086 /* XMNPhotoBrowser */ = {
			isa = PBXNativeTarget;
			buildConfigurationList = 97026CD31D0E9C1100A39086 /* Build configuration list for PBXNativeTarget "XMNPhotoBrowser" */;
			buildPhases = (
				97026CC31D0E9C1000A39086 /* Sources */,
				97026CC41D0E9C1000A39086 /* Frameworks */,
				97026CC51D0E9C1000A39086 /* Headers */,
				97026CC61D0E9C1000A39086 /* Resources */,
			);
			buildRules = (
			);
			dependencies = (
			);
			name = XMNPhotoBrowser;
			productName = XMNPhotoBrowser;
			productReference = 97026CC81D0E9C1000A39086 /* XMNPhotoBrowser.framework */;
			productType = "com.apple.product-type.framework";
		};
		972D3D691C59E9F800B057BD /* XMNPhotoPickerFrameworkExample */ = {
			isa = PBXNativeTarget;
			buildConfigurationList = 972D3D811C59E9F800B057BD /* Build configuration list for PBXNativeTarget "XMNPhotoPickerFrameworkExample" */;
			buildPhases = (
				972D3D661C59E9F800B057BD /* Sources */,
				972D3D671C59E9F800B057BD /* Frameworks */,
				972D3D681C59E9F800B057BD /* Resources */,
				97026CD41D0E9C1100A39086 /* Embed Frameworks */,
			);
			buildRules = (
			);
			dependencies = (
				97026CCE1D0E9C1100A39086 /* PBXTargetDependency */,
			);
			name = XMNPhotoPickerFrameworkExample;
			productName = XMNPhotoPickerKitExample;
			productReference = 972D3D6A1C59E9F800B057BD /* XMNPhotoPickerFrameworkExample.app */;
			productType = "com.apple.product-type.application";
		};
		972D3D961C5A067C00B057BD /* XMNPhotoPickerFrameworkExampleTests */ = {
			isa = PBXNativeTarget;
			buildConfigurationList = 972D3D9E1C5A067C00B057BD /* Build configuration list for PBXNativeTarget "XMNPhotoPickerFrameworkExampleTests" */;
			buildPhases = (
				972D3D931C5A067C00B057BD /* Sources */,
				972D3D941C5A067C00B057BD /* Frameworks */,
				972D3D951C5A067C00B057BD /* Resources */,
			);
			buildRules = (
			);
			dependencies = (
				972D3D9D1C5A067C00B057BD /* PBXTargetDependency */,
			);
			name = XMNPhotoPickerFrameworkExampleTests;
			productName = XMNPhotoPickerKitExampleTests;
			productReference = 972D3D971C5A067C00B057BD /* XMNPhotoPickerFrameworkExample.xctest */;
			productType = "com.apple.product-type.bundle.unit-test";
		};
/* End PBXNativeTarget section */

/* Begin PBXProject section */
		972D3D621C59E9F800B057BD /* Project object */ = {
			isa = PBXProject;
			attributes = {
				LastUpgradeCheck = 0720;
				ORGANIZATIONNAME = XMFraker;
				TargetAttributes = {
					97026CC71D0E9C1000A39086 = {
						CreatedOnToolsVersion = 7.3.1;
					};
					972D3D691C59E9F800B057BD = {
						CreatedOnToolsVersion = 7.2;
					};
					972D3D961C5A067C00B057BD = {
						CreatedOnToolsVersion = 7.2;
						TestTargetID = 972D3D691C59E9F800B057BD;
					};
				};
			};
			buildConfigurationList = 972D3D651C59E9F800B057BD /* Build configuration list for PBXProject "XMNPhotoPickerFrameworkExample" */;
			compatibilityVersion = "Xcode 3.2";
			developmentRegion = English;
			hasScannedForEncodings = 0;
			knownRegions = (
				en,
				Base,
			);
			mainGroup = 972D3D611C59E9F800B057BD;
			productRefGroup = 972D3D6B1C59E9F800B057BD /* Products */;
			projectDirPath = "";
			projectRoot = "";
			targets = (
				972D3D691C59E9F800B057BD /* XMNPhotoPickerFrameworkExample */,
				972D3D961C5A067C00B057BD /* XMNPhotoPickerFrameworkExampleTests */,
				97026CC71D0E9C1000A39086 /* XMNPhotoBrowser */,
			);
		};
/* End PBXProject section */

/* Begin PBXResourcesBuildPhase section */
		97026CC61D0E9C1000A39086 /* Resources */ = {
			isa = PBXResourcesBuildPhase;
			buildActionMask = 2147483647;
			files = (
				97026D3D1D0EA95D00A39086 /* WebP.sh in Resources */,
			);
			runOnlyForDeploymentPostprocessing = 0;
		};
		972D3D681C59E9F800B057BD /* Resources */ = {
			isa = PBXResourcesBuildPhase;
			buildActionMask = 2147483647;
			files = (
				97103A231C631DFA00AC3B43 /* XMNAssetCell.xib in Resources */,
				972D3D7D1C59E9F800B057BD /* LaunchScreen.storyboard in Resources */,
				97103A251C631DFA00AC3B43 /* XMNBottomBar.xib in Resources */,
				972D3D7A1C59E9F800B057BD /* Assets.xcassets in Resources */,
				972D3D781C59E9F800B057BD /* Main.storyboard in Resources */,
				97103A211C631DFA00AC3B43 /* XMNAlbumCell.xib in Resources */,
				97103A271C631DFA00AC3B43 /* XMNPhotoPicker.xib in Resources */,
				97103A1F1C631DFA00AC3B43 /* PhotoPickerKit.xcassets in Resources */,
			);
			runOnlyForDeploymentPostprocessing = 0;
		};
		972D3D951C5A067C00B057BD /* Resources */ = {
			isa = PBXResourcesBuildPhase;
			buildActionMask = 2147483647;
			files = (
			);
			runOnlyForDeploymentPostprocessing = 0;
		};
/* End PBXResourcesBuildPhase section */

/* Begin PBXSourcesBuildPhase section */
		97026CC31D0E9C1000A39086 /* Sources */ = {
			isa = PBXSourcesBuildPhase;
			buildActionMask = 2147483647;
			files = (
				97026D231D0EA4E200A39086 /* UIImageView+YYWebImage.m in Sources */,
				97026D151D0EA4E200A39086 /* YYKVStorage.m in Sources */,
				97026CE41D0E9F3800A39086 /* XMNPhotoModel.m in Sources */,
				97026CDC1D0E9D2300A39086 /* XMNPhotoBrowserController.m in Sources */,
				97F33E961D0FB2150057C814 /* XMNPhotoBrowserTransition.m in Sources */,
				97026D131D0EA4E200A39086 /* YYDiskCache.m in Sources */,
				97026D2B1D0EA4E200A39086 /* YYImageCoder.m in Sources */,
				97026D311D0EA4E200A39086 /* YYImageCache.m in Sources */,
				97026D111D0EA4E200A39086 /* YYCache.m in Sources */,
				97026D341D0EA4E200A39086 /* YYWebImageManager.m in Sources */,
				97026D271D0EA4E200A39086 /* YYFrameImage.m in Sources */,
				97026D171D0EA4E200A39086 /* YYMemoryCache.m in Sources */,
				97026CE01D0E9EF900A39086 /* XMNPhotoBrowserCell.m in Sources */,
				97026D291D0EA4E200A39086 /* YYImage.m in Sources */,
				97026D361D0EA4E200A39086 /* YYWebImageOperation.m in Sources */,
				97026D191D0EA4E200A39086 /* _YYWebImageSetter.m in Sources */,
				97026D2D1D0EA4E200A39086 /* YYSpriteSheetImage.m in Sources */,
				97026D251D0EA4E200A39086 /* YYAnimatedImageView.m in Sources */,
				97F33E9A1D0FE0950057C814 /* XMNPhotoProgressView.m in Sources */,
				97026D1D1D0EA4E200A39086 /* MKAnnotationView+YYWebImage.m in Sources */,
				97026D1B1D0EA4E200A39086 /* CALayer+YYWebImage.m in Sources */,
				97026D211D0EA4E200A39086 /* UIImage+YYWebImage.m in Sources */,
				97026D1F1D0EA4E200A39086 /* UIButton+YYWebImage.m in Sources */,
			);
			runOnlyForDeploymentPostprocessing = 0;
		};
		972D3D661C59E9F800B057BD /* Sources */ = {
			isa = PBXSourcesBuildPhase;
			buildActionMask = 2147483647;
			files = (
				97103A1A1C631DFA00AC3B43 /* XMNPhotoPickerController.m in Sources */,
				97103A1E1C631DFA00AC3B43 /* XMNAssetModel.m in Sources */,
				97103A1B1C631DFA00AC3B43 /* XMNPhotoPreviewController.m in Sources */,
				9725EC431CD347310073F4AD /* XMNPhotoStickLayout.m in Sources */,
				972D3D751C59E9F800B057BD /* ViewController.m in Sources */,
				97103A291C631DFA00AC3B43 /* XMNPhotoManager.m in Sources */,
				97103A261C631DFA00AC3B43 /* XMNPhotoPicker.m in Sources */,
				97103A181C631DFA00AC3B43 /* UIViewController+XMNPhotoHUD.m in Sources */,
				97103A221C631DFA00AC3B43 /* XMNAssetCell.m in Sources */,
				97103A241C631DFA00AC3B43 /* XMNBottomBar.m in Sources */,
				97103A201C631DFA00AC3B43 /* XMNAlbumCell.m in Sources */,
				97103A191C631DFA00AC3B43 /* XMNPhotoCollectionController.m in Sources */,
				97103A171C631DFA00AC3B43 /* UIView+Animations.m in Sources */,
				972D3D721C59E9F800B057BD /* AppDelegate.m in Sources */,
				97103A1D1C631DFA00AC3B43 /* XMNAlbumModel.m in Sources */,
				972D3D6F1C59E9F800B057BD /* main.m in Sources */,
				97103A1C1C631DFA00AC3B43 /* XMNVideoPreviewController.m in Sources */,
				97103A281C631DFA00AC3B43 /* XMNPhotoPreviewCell.m in Sources */,
			);
			runOnlyForDeploymentPostprocessing = 0;
		};
		972D3D931C5A067C00B057BD /* Sources */ = {
			isa = PBXSourcesBuildPhase;
			buildActionMask = 2147483647;
			files = (
				972D3DA21C5A069700B057BD /* XMNPhotoManagerTest.m in Sources */,
				972D3D9A1C5A067C00B057BD /* XMNPhotoPickerKitExampleTests.m in Sources */,
			);
			runOnlyForDeploymentPostprocessing = 0;
		};
/* End PBXSourcesBuildPhase section */

/* Begin PBXTargetDependency section */
		97026CCE1D0E9C1100A39086 /* PBXTargetDependency */ = {
			isa = PBXTargetDependency;
			target = 97026CC71D0E9C1000A39086 /* XMNPhotoBrowser */;
			targetProxy = 97026CCD1D0E9C1100A39086 /* PBXContainerItemProxy */;
		};
		972D3D9D1C5A067C00B057BD /* PBXTargetDependency */ = {
			isa = PBXTargetDependency;
			target = 972D3D691C59E9F800B057BD /* XMNPhotoPickerFrameworkExample */;
			targetProxy = 972D3D9C1C5A067C00B057BD /* PBXContainerItemProxy */;
		};
/* End PBXTargetDependency section */

/* Begin PBXVariantGroup section */
		972D3D761C59E9F800B057BD /* Main.storyboard */ = {
			isa = PBXVariantGroup;
			children = (
				972D3D771C59E9F800B057BD /* Base */,
			);
			name = Main.storyboard;
			sourceTree = "<group>";
		};
		972D3D7B1C59E9F800B057BD /* LaunchScreen.storyboard */ = {
			isa = PBXVariantGroup;
			children = (
				972D3D7C1C59E9F800B057BD /* Base */,
			);
			name = LaunchScreen.storyboard;
			sourceTree = "<group>";
		};
/* End PBXVariantGroup section */

/* Begin XCBuildConfiguration section */
		97026CD11D0E9C1100A39086 /* Debug */ = {
			isa = XCBuildConfiguration;
			buildSettings = {
				CLANG_ANALYZER_NONNULL = YES;
				CODE_SIGN_IDENTITY = "iPhone Developer";
				"CODE_SIGN_IDENTITY[sdk=iphoneos*]" = "iPhone Developer";
				CURRENT_PROJECT_VERSION = 1;
				DEFINES_MODULE = YES;
				DYLIB_COMPATIBILITY_VERSION = 1;
				DYLIB_CURRENT_VERSION = 1;
				DYLIB_INSTALL_NAME_BASE = "@rpath";
				FRAMEWORK_SEARCH_PATHS = (
					"$(inherited)",
					"$(PROJECT_DIR)/XMNPhotoBrowser/Vendors/YYWebImage",
					"$(PROJECT_DIR)/XMNPhotoBrowser/Vendors/YYWebImage/Vendor",
				);
				INFOPLIST_FILE = XMNPhotoBrowser/Info.plist;
				INSTALL_PATH = "$(LOCAL_LIBRARY_DIR)/Frameworks";
				IPHONEOS_DEPLOYMENT_TARGET = 9.3;
				LD_RUNPATH_SEARCH_PATHS = "$(inherited) @executable_path/Frameworks @loader_path/Frameworks";
				PRODUCT_BUNDLE_IDENTIFIER = com.XMFraker.XMNPhotoBrowser;
				PRODUCT_NAME = "$(TARGET_NAME)";
				SKIP_INSTALL = YES;
				VERSIONING_SYSTEM = "apple-generic";
				VERSION_INFO_PREFIX = "";
			};
			name = Debug;
		};
		97026CD21D0E9C1100A39086 /* Release */ = {
			isa = XCBuildConfiguration;
			buildSettings = {
				CLANG_ANALYZER_NONNULL = YES;
				CODE_SIGN_IDENTITY = "iPhone Developer";
				"CODE_SIGN_IDENTITY[sdk=iphoneos*]" = "iPhone Developer";
				CURRENT_PROJECT_VERSION = 1;
				DEFINES_MODULE = YES;
				DYLIB_COMPATIBILITY_VERSION = 1;
				DYLIB_CURRENT_VERSION = 1;
				DYLIB_INSTALL_NAME_BASE = "@rpath";
				FRAMEWORK_SEARCH_PATHS = (
					"$(inherited)",
					"$(PROJECT_DIR)/XMNPhotoBrowser/Vendors/YYWebImage",
					"$(PROJECT_DIR)/XMNPhotoBrowser/Vendors/YYWebImage/Vendor",
				);
				INFOPLIST_FILE = XMNPhotoBrowser/Info.plist;
				INSTALL_PATH = "$(LOCAL_LIBRARY_DIR)/Frameworks";
				IPHONEOS_DEPLOYMENT_TARGET = 9.3;
				LD_RUNPATH_SEARCH_PATHS = "$(inherited) @executable_path/Frameworks @loader_path/Frameworks";
				PRODUCT_BUNDLE_IDENTIFIER = com.XMFraker.XMNPhotoBrowser;
				PRODUCT_NAME = "$(TARGET_NAME)";
				SKIP_INSTALL = YES;
				VERSIONING_SYSTEM = "apple-generic";
				VERSION_INFO_PREFIX = "";
			};
			name = Release;
		};
		972D3D7F1C59E9F800B057BD /* Debug */ = {
			isa = XCBuildConfiguration;
			buildSettings = {
				ALWAYS_SEARCH_USER_PATHS = NO;
				CLANG_CXX_LANGUAGE_STANDARD = "gnu++0x";
				CLANG_CXX_LIBRARY = "libc++";
				CLANG_ENABLE_MODULES = YES;
				CLANG_ENABLE_OBJC_ARC = YES;
				CLANG_WARN_BOOL_CONVERSION = YES;
				CLANG_WARN_CONSTANT_CONVERSION = YES;
				CLANG_WARN_DIRECT_OBJC_ISA_USAGE = YES_ERROR;
				CLANG_WARN_EMPTY_BODY = YES;
				CLANG_WARN_ENUM_CONVERSION = YES;
				CLANG_WARN_INT_CONVERSION = YES;
				CLANG_WARN_OBJC_ROOT_CLASS = YES_ERROR;
				CLANG_WARN_UNREACHABLE_CODE = YES;
				CLANG_WARN__DUPLICATE_METHOD_MATCH = YES;
				"CODE_SIGN_IDENTITY[sdk=iphoneos*]" = "iPhone Developer";
				COPY_PHASE_STRIP = NO;
				DEBUG_INFORMATION_FORMAT = dwarf;
				ENABLE_STRICT_OBJC_MSGSEND = YES;
				ENABLE_TESTABILITY = YES;
				GCC_C_LANGUAGE_STANDARD = gnu99;
				GCC_DYNAMIC_NO_PIC = NO;
				GCC_NO_COMMON_BLOCKS = YES;
				GCC_OPTIMIZATION_LEVEL = 0;
				GCC_PREPROCESSOR_DEFINITIONS = (
					"DEBUG=1",
					"$(inherited)",
				);
				GCC_WARN_64_TO_32_BIT_CONVERSION = YES;
				GCC_WARN_ABOUT_RETURN_TYPE = YES_ERROR;
				GCC_WARN_UNDECLARED_SELECTOR = YES;
				GCC_WARN_UNINITIALIZED_AUTOS = YES_AGGRESSIVE;
				GCC_WARN_UNUSED_FUNCTION = YES;
				GCC_WARN_UNUSED_VARIABLE = YES;
				IPHONEOS_DEPLOYMENT_TARGET = 9.2;
				MTL_ENABLE_DEBUG_INFO = YES;
				ONLY_ACTIVE_ARCH = YES;
				SDKROOT = iphoneos;
				TARGETED_DEVICE_FAMILY = "1,2";
			};
			name = Debug;
		};
		972D3D801C59E9F800B057BD /* Release */ = {
			isa = XCBuildConfiguration;
			buildSettings = {
				ALWAYS_SEARCH_USER_PATHS = NO;
				CLANG_CXX_LANGUAGE_STANDARD = "gnu++0x";
				CLANG_CXX_LIBRARY = "libc++";
				CLANG_ENABLE_MODULES = YES;
				CLANG_ENABLE_OBJC_ARC = YES;
				CLANG_WARN_BOOL_CONVERSION = YES;
				CLANG_WARN_CONSTANT_CONVERSION = YES;
				CLANG_WARN_DIRECT_OBJC_ISA_USAGE = YES_ERROR;
				CLANG_WARN_EMPTY_BODY = YES;
				CLANG_WARN_ENUM_CONVERSION = YES;
				CLANG_WARN_INT_CONVERSION = YES;
				CLANG_WARN_OBJC_ROOT_CLASS = YES_ERROR;
				CLANG_WARN_UNREACHABLE_CODE = YES;
				CLANG_WARN__DUPLICATE_METHOD_MATCH = YES;
				"CODE_SIGN_IDENTITY[sdk=iphoneos*]" = "iPhone Developer";
				COPY_PHASE_STRIP = NO;
				DEBUG_INFORMATION_FORMAT = "dwarf-with-dsym";
				ENABLE_NS_ASSERTIONS = NO;
				ENABLE_STRICT_OBJC_MSGSEND = YES;
				GCC_C_LANGUAGE_STANDARD = gnu99;
				GCC_NO_COMMON_BLOCKS = YES;
				GCC_WARN_64_TO_32_BIT_CONVERSION = YES;
				GCC_WARN_ABOUT_RETURN_TYPE = YES_ERROR;
				GCC_WARN_UNDECLARED_SELECTOR = YES;
				GCC_WARN_UNINITIALIZED_AUTOS = YES_AGGRESSIVE;
				GCC_WARN_UNUSED_FUNCTION = YES;
				GCC_WARN_UNUSED_VARIABLE = YES;
				IPHONEOS_DEPLOYMENT_TARGET = 9.2;
				MTL_ENABLE_DEBUG_INFO = NO;
				SDKROOT = iphoneos;
				TARGETED_DEVICE_FAMILY = "1,2";
				VALIDATE_PRODUCT = YES;
			};
			name = Release;
		};
		972D3D821C59E9F800B057BD /* Debug */ = {
			isa = XCBuildConfiguration;
			buildSettings = {
				ASSETCATALOG_COMPILER_APPICON_NAME = AppIcon;
				CODE_SIGN_IDENTITY = "iPhone Developer";
				"CODE_SIGN_IDENTITY[sdk=iphoneos*]" = "iPhone Developer";
				INFOPLIST_FILE = XMNPhotoPickerKitExample/Info.plist;
				IPHONEOS_DEPLOYMENT_TARGET = 8.0;
				LD_RUNPATH_SEARCH_PATHS = "$(inherited) @executable_path/Frameworks";
				PRODUCT_BUNDLE_IDENTIFIER = com.XMFraker.XMNPhotoPickerKitExample;
				PRODUCT_NAME = XMNPhotoPickerFrameworkExample;
				PROVISIONING_PROFILE = "";
			};
			name = Debug;
		};
		972D3D831C59E9F800B057BD /* Release */ = {
			isa = XCBuildConfiguration;
			buildSettings = {
				ASSETCATALOG_COMPILER_APPICON_NAME = AppIcon;
				CODE_SIGN_IDENTITY = "iPhone Developer";
				"CODE_SIGN_IDENTITY[sdk=iphoneos*]" = "iPhone Developer";
				INFOPLIST_FILE = XMNPhotoPickerKitExample/Info.plist;
				IPHONEOS_DEPLOYMENT_TARGET = 8.0;
				LD_RUNPATH_SEARCH_PATHS = "$(inherited) @executable_path/Frameworks";
				PRODUCT_BUNDLE_IDENTIFIER = com.XMFraker.XMNPhotoPickerKitExample;
				PRODUCT_NAME = XMNPhotoPickerFrameworkExample;
				PROVISIONING_PROFILE = "";
			};
			name = Release;
		};
		972D3D9F1C5A067C00B057BD /* Debug */ = {
			isa = XCBuildConfiguration;
			buildSettings = {
				BUNDLE_LOADER = "$(TEST_HOST)";
				INFOPLIST_FILE = XMNPhotoPickerKitExampleTests/Info.plist;
				LD_RUNPATH_SEARCH_PATHS = "$(inherited) @executable_path/Frameworks @loader_path/Frameworks";
				PRODUCT_BUNDLE_IDENTIFIER = com.XMFraker.XMNPhotoPickerKitExampleTests;
				PRODUCT_NAME = XMNPhotoPickerFrameworkExample;
				TEST_HOST = "$(BUILT_PRODUCTS_DIR)/XMNPhotoPickerFrameworkExample.app/XMNPhotoPickerFrameworkExample";
			};
			name = Debug;
		};
		972D3DA01C5A067C00B057BD /* Release */ = {
			isa = XCBuildConfiguration;
			buildSettings = {
				BUNDLE_LOADER = "$(TEST_HOST)";
				INFOPLIST_FILE = XMNPhotoPickerKitExampleTests/Info.plist;
				LD_RUNPATH_SEARCH_PATHS = "$(inherited) @executable_path/Frameworks @loader_path/Frameworks";
				PRODUCT_BUNDLE_IDENTIFIER = com.XMFraker.XMNPhotoPickerKitExampleTests;
				PRODUCT_NAME = XMNPhotoPickerFrameworkExample;
				TEST_HOST = "$(BUILT_PRODUCTS_DIR)/XMNPhotoPickerFrameworkExample.app/XMNPhotoPickerFrameworkExample";
			};
			name = Release;
		};
/* End XCBuildConfiguration section */

/* Begin XCConfigurationList section */
		97026CD31D0E9C1100A39086 /* Build configuration list for PBXNativeTarget "XMNPhotoBrowser" */ = {
			isa = XCConfigurationList;
			buildConfigurations = (
				97026CD11D0E9C1100A39086 /* Debug */,
				97026CD21D0E9C1100A39086 /* Release */,
			);
			defaultConfigurationIsVisible = 0;
			defaultConfigurationName = Release;
		};
		972D3D651C59E9F800B057BD /* Build configuration list for PBXProject "XMNPhotoPickerFrameworkExample" */ = {
			isa = XCConfigurationList;
			buildConfigurations = (
				972D3D7F1C59E9F800B057BD /* Debug */,
				972D3D801C59E9F800B057BD /* Release */,
			);
			defaultConfigurationIsVisible = 0;
			defaultConfigurationName = Release;
		};
		972D3D811C59E9F800B057BD /* Build configuration list for PBXNativeTarget "XMNPhotoPickerFrameworkExample" */ = {
			isa = XCConfigurationList;
			buildConfigurations = (
				972D3D821C59E9F800B057BD /* Debug */,
				972D3D831C59E9F800B057BD /* Release */,
			);
			defaultConfigurationIsVisible = 0;
			defaultConfigurationName = Release;
		};
		972D3D9E1C5A067C00B057BD /* Build configuration list for PBXNativeTarget "XMNPhotoPickerFrameworkExampleTests" */ = {
			isa = XCConfigurationList;
			buildConfigurations = (
				972D3D9F1C5A067C00B057BD /* Debug */,
				972D3DA01C5A067C00B057BD /* Release */,
			);
			defaultConfigurationIsVisible = 0;
			defaultConfigurationName = Release;
		};
/* End XCConfigurationList section */
	};
	rootObject = 972D3D621C59E9F800B057BD /* Project object */;
}
